
Microsoft Visual Studio Solution File, Format Version 12.00
# Visual Studio Version 17
VisualStudioVersion = 17.2.32516.85
MinimumVisualStudioVersion = 10.0.40219.1
Project("{FAE04EC0-301F-11D3-BF4B-00C04F79EFBC}") = "WillowDevSkiller", "WillowDevSkiller\WillowDevSkiller.csproj", "{4A9CC6F4-222F-49FF-B7DC-C36D2351111C}"
EndProject
Global
	GlobalSection(SolutionConfigurationPlatforms) = preSolution
		Debug|Any CPU = Debug|Any CPU
		Release|Any CPU = Release|Any CPU
	EndGlobalSection
	GlobalSection(ProjectConfigurationPlatforms) = postSolution
		{4A9CC6F4-222F-49FF-B7DC-C36D2351111C}.Debug|Any CPU.ActiveCfg = Debug|Any CPU
		{4A9CC6F4-222F-49FF-B7DC-C36D2351111C}.Debug|Any CPU.Build.0 = Debug|Any CPU
		{4A9CC6F4-222F-49FF-B7DC-C36D2351111C}.Release|Any CPU.ActiveCfg = Release|Any CPU
		{4A9CC6F4-222F-49FF-B7DC-C36D2351111C}.Release|Any CPU.Build.0 = Release|Any CPU
	EndGlobalSection
	GlobalSection(SolutionProperties) = preSolution
		HideSolutionNode = FALSE
	EndGlobalSection
	GlobalSection(ExtensibilityGlobals) = postSolution
		SolutionGuid = {41AC9BAE-5480-423E-A23D-17B0B69BD945}
	EndGlobalSection
EndGlobal
